
Microsoft Visual Studio Solution File, Format Version 12.00
# Visual Studio 15
VisualStudioVersion = 15.0.28307.645
MinimumVisualStudioVersion = 10.0.40219.1
Project("{FAE04EC0-301F-11D3-BF4B-00C04F79EFBC}") = "FleetManagementSystemClassLibrary", "FleetManagementSystemClassLibrary\FleetManagementSystemClassLibrary.csproj", "{464ED586-0D39-42B2-9CE6-79056E432ED5}"
EndProject
Global
	GlobalSection(SolutionConfigurationPlatforms) = preSolution
		Debug|Any CPU = Debug|Any CPU
		Release|Any CPU = Release|Any CPU
	EndGlobalSection
	GlobalSection(ProjectConfigurationPlatforms) = postSolution
		{464ED586-0D39-42B2-9CE6-79056E432ED5}.Debug|Any CPU.ActiveCfg = Debug|Any CPU
		{464ED586-0D39-42B2-9CE6-79056E432ED5}.Debug|Any CPU.Build.0 = Debug|Any CPU
		{464ED586-0D39-42B2-9CE6-79056E432ED5}.Release|Any CPU.ActiveCfg = Release|Any CPU
		{464ED586-0D39-42B2-9CE6-79056E432ED5}.Release|Any CPU.Build.0 = Release|Any CPU
	EndGlobalSection
	GlobalSection(SolutionProperties) = preSolution
		HideSolutionNode = FALSE
	EndGlobalSection
	GlobalSection(ExtensibilityGlobals) = postSolution
		SolutionGuid = {A303C2A1-A1FC-4BB2-9C03-7BA7C8F9F43E}
	EndGlobalSection
EndGlobal
